
Microsoft Visual Studio Solution File, Format Version 12.00
# Visual Studio Version 17
VisualStudioVersion = 17.6.33723.286
MinimumVisualStudioVersion = 10.0.40219.1
Project("{9A19103F-16F7-4668-BE54-9A1E7A4F7556}") = "LessonsLinq", "LessonsLinq.csproj", "{94F054E3-5A5F-41F4-A905-27662D74772C}"
EndProject
Project("{9A19103F-16F7-4668-BE54-9A1E7A4F7556}") = "Predicates", "..\Predicates\Predicates.csproj", "{367CF3EE-6F11-41B9-BCD5-F0864C40CC1B}"
EndProject
Project("{9A19103F-16F7-4668-BE54-9A1E7A4F7556}") = "TwoCollections", "..\TwoCollections\TwoCollections.csproj", "{0732D986-2C92-4B7C-9424-F02611DE81D0}"
EndProject
Project("{9A19103F-16F7-4668-BE54-9A1E7A4F7556}") = "SingleResult", "..\SingleResult\SingleResult.csproj", "{0EF48DF7-828C-464F-A895-B13CAC29798C}"
EndProject
Project("{9A19103F-16F7-4668-BE54-9A1E7A4F7556}") = "Aggregation", "..\Aggregation\Aggregation.csproj", "{78E0970A-88C9-4134-A4F0-8D5662DDA554}"
EndProject
Project("{FAE04EC0-301F-11D3-BF4B-00C04F79EFBC}") = "NewOpportunities", "..\NewOpportunities\NewOpportunities.csproj", "{1ED54BCE-F1C4-4BB8-A545-0E4282CCE38D}"
EndProject
Global
	GlobalSection(SolutionConfigurationPlatforms) = preSolution
		Debug|Any CPU = Debug|Any CPU
		Release|Any CPU = Release|Any CPU
	EndGlobalSection
	GlobalSection(ProjectConfigurationPlatforms) = postSolution
		{94F054E3-5A5F-41F4-A905-27662D74772C}.Debug|Any CPU.ActiveCfg = Debug|Any CPU
		{94F054E3-5A5F-41F4-A905-27662D74772C}.Debug|Any CPU.Build.0 = Debug|Any CPU
		{94F054E3-5A5F-41F4-A905-27662D74772C}.Release|Any CPU.ActiveCfg = Release|Any CPU
		{94F054E3-5A5F-41F4-A905-27662D74772C}.Release|Any CPU.Build.0 = Release|Any CPU
		{367CF3EE-6F11-41B9-BCD5-F0864C40CC1B}.Debug|Any CPU.ActiveCfg = Debug|Any CPU
		{367CF3EE-6F11-41B9-BCD5-F0864C40CC1B}.Debug|Any CPU.Build.0 = Debug|Any CPU
		{367CF3EE-6F11-41B9-BCD5-F0864C40CC1B}.Release|Any CPU.ActiveCfg = Release|Any CPU
		{367CF3EE-6F11-41B9-BCD5-F0864C40CC1B}.Release|Any CPU.Build.0 = Release|Any CPU
		{0732D986-2C92-4B7C-9424-F02611DE81D0}.Debug|Any CPU.ActiveCfg = Debug|Any CPU
		{0732D986-2C92-4B7C-9424-F02611DE81D0}.Debug|Any CPU.Build.0 = Debug|Any CPU
		{0732D986-2C92-4B7C-9424-F02611DE81D0}.Release|Any CPU.ActiveCfg = Release|Any CPU
		{0732D986-2C92-4B7C-9424-F02611DE81D0}.Release|Any CPU.Build.0 = Release|Any CPU
		{0EF48DF7-828C-464F-A895-B13CAC29798C}.Debug|Any CPU.ActiveCfg = Debug|Any CPU
		{0EF48DF7-828C-464F-A895-B13CAC29798C}.Debug|Any CPU.Build.0 = Debug|Any CPU
		{0EF48DF7-828C-464F-A895-B13CAC29798C}.Release|Any CPU.ActiveCfg = Release|Any CPU
		{0EF48DF7-828C-464F-A895-B13CAC29798C}.Release|Any CPU.Build.0 = Release|Any CPU
		{78E0970A-88C9-4134-A4F0-8D5662DDA554}.Debug|Any CPU.ActiveCfg = Debug|Any CPU
		{78E0970A-88C9-4134-A4F0-8D5662DDA554}.Debug|Any CPU.Build.0 = Debug|Any CPU
		{78E0970A-88C9-4134-A4F0-8D5662DDA554}.Release|Any CPU.ActiveCfg = Release|Any CPU
		{78E0970A-88C9-4134-A4F0-8D5662DDA554}.Release|Any CPU.Build.0 = Release|Any CPU
		{1ED54BCE-F1C4-4BB8-A545-0E4282CCE38D}.Debug|Any CPU.ActiveCfg = Debug|Any CPU
		{1ED54BCE-F1C4-4BB8-A545-0E4282CCE38D}.Debug|Any CPU.Build.0 = Debug|Any CPU
		{1ED54BCE-F1C4-4BB8-A545-0E4282CCE38D}.Release|Any CPU.ActiveCfg = Release|Any CPU
		{1ED54BCE-F1C4-4BB8-A545-0E4282CCE38D}.Release|Any CPU.Build.0 = Release|Any CPU
	EndGlobalSection
	GlobalSection(SolutionProperties) = preSolution
		HideSolutionNode = FALSE
	EndGlobalSection
	GlobalSection(ExtensibilityGlobals) = postSolution
		SolutionGuid = {BE16CF23-0307-4382-BD20-2D67FEA43186}
	EndGlobalSection
EndGlobal
